
Microsoft Visual Studio Solution File, Format Version 12.00
# Visual Studio Version 17
VisualStudioVersion = 17.11.35312.102
MinimumVisualStudioVersion = 10.0.40219.1
Project("{FAE04EC0-301F-11D3-BF4B-00C04F79EFBC}") = "TrenchAPI", "TrenchAPI.csproj", "{F2EAF273-A437-4825-B5B8-BD7F709B1C60}"
EndProject
Project("{FAE04EC0-301F-11D3-BF4B-00C04F79EFBC}") = "MqttTestingData", "MqttTestingData\MqttTestingData.csproj", "{6ADBAB49-7030-4A2D-BAA6-83E379A0F031}"
EndProject
Global
	GlobalSection(SolutionConfigurationPlatforms) = preSolution
		Debug|Any CPU = Debug|Any CPU
		Release|Any CPU = Release|Any CPU
	EndGlobalSection
	GlobalSection(ProjectConfigurationPlatforms) = postSolution
		{F2EAF273-A437-4825-B5B8-BD7F709B1C60}.Debug|Any CPU.ActiveCfg = Debug|Any CPU
		{F2EAF273-A437-4825-B5B8-BD7F709B1C60}.Debug|Any CPU.Build.0 = Debug|Any CPU
		{F2EAF273-A437-4825-B5B8-BD7F709B1C60}.Release|Any CPU.ActiveCfg = Release|Any CPU
		{F2EAF273-A437-4825-B5B8-BD7F709B1C60}.Release|Any CPU.Build.0 = Release|Any CPU
		{6ADBAB49-7030-4A2D-BAA6-83E379A0F031}.Debug|Any CPU.ActiveCfg = Debug|Any CPU
		{6ADBAB49-7030-4A2D-BAA6-83E379A0F031}.Debug|Any CPU.Build.0 = Debug|Any CPU
		{6ADBAB49-7030-4A2D-BAA6-83E379A0F031}.Release|Any CPU.ActiveCfg = Release|Any CPU
		{6ADBAB49-7030-4A2D-BAA6-83E379A0F031}.Release|Any CPU.Build.0 = Release|Any CPU
	EndGlobalSection
	GlobalSection(SolutionProperties) = preSolution
		HideSolutionNode = FALSE
	EndGlobalSection
	GlobalSection(ExtensibilityGlobals) = postSolution
		SolutionGuid = {3BF43561-BC11-41EE-B457-B9A6A30EC823}
	EndGlobalSection
EndGlobal
