Microsoft Visual Studio Solution File, Format Version 12.00
# Visual Studio Version 17
VisualStudioVersion = 17.11.35312.102
MinimumVisualStudioVersion = 10.0.40219.1
Project("{9A19103F-16F7-4668-BE54-9A1E7A4F7556}") = "WebAPI", "WebAPI\WebAPI.csproj", "{F2EAF273-A437-4825-B5B8-BD7F709B1C60}"
EndProject
Project("{9A19103F-16F7-4668-BE54-9A1E7A4F7556}") = "ConsoleMQTT", "ConsoleMQTT\ConsoleMQTT.csproj", "{AA6FADD5-0138-4BA7-A4FE-8B050CC45EA1}"
EndProject
Project("{9A19103F-16F7-4668-BE54-9A1E7A4F7556}") = "ConsoleFillDb", "ConsoleFillDb\ConsoleFillDb.csproj", "{E1234567-1234-1234-1234-123456789ABC}"
EndProject
Project("{9A19103F-16F7-4668-BE54-9A1E7A4F7556}") = "Core", "Core\Core.csproj", "{C1234567-1234-1234-1234-123456789ABC}"
EndProject
Project("{9A19103F-16F7-4668-BE54-9A1E7A4F7556}") = "Persistence", "Persistence\Persistence.csproj", "{53DA90C1-3AB2-423D-93C3-7145443581D0}"
EndProject
Project("{9A19103F-16F7-4668-BE54-9A1E7A4F7556}") = "Utils", "Utils\Utils.csproj", "{FF2F4CC1-EF11-4C16-A60E-3F33B905FDDB}"
EndProject
Global
	GlobalSection(SolutionConfigurationPlatforms) = preSolution
		Debug|Any CPU = Debug|Any CPU
		Release|Any CPU = Release|Any CPU
	EndGlobalSection
	GlobalSection(ProjectConfigurationPlatforms) = postSolution
		{F2EAF273-A437-4825-B5B8-BD7F709B1C60}.Debug|Any CPU.ActiveCfg = Debug|Any CPU
		{F2EAF273-A437-4825-B5B8-BD7F709B1C60}.Debug|Any CPU.Build.0 = Debug|Any CPU
		{F2EAF273-A437-4825-B5B8-BD7F709B1C60}.Release|Any CPU.ActiveCfg = Release|Any CPU
		{F2EAF273-A437-4825-B5B8-BD7F709B1C60}.Release|Any CPU.Build.0 = Release|Any CPU
		{AA6FADD5-0138-4BA7-A4FE-8B050CC45EA1}.Debug|Any CPU.ActiveCfg = Debug|Any CPU
		{AA6FADD5-0138-4BA7-A4FE-8B050CC45EA1}.Debug|Any CPU.Build.0 = Debug|Any CPU
		{AA6FADD5-0138-4BA7-A4FE-8B050CC45EA1}.Release|Any CPU.ActiveCfg = Release|Any CPU
		{AA6FADD5-0138-4BA7-A4FE-8B050CC45EA1}.Release|Any CPU.Build.0 = Release|Any CPU
		{E1234567-1234-1234-1234-123456789ABC}.Debug|Any CPU.ActiveCfg = Debug|Any CPU
		{E1234567-1234-1234-1234-123456789ABC}.Debug|Any CPU.Build.0 = Debug|Any CPU
		{E1234567-1234-1234-1234-123456789ABC}.Release|Any CPU.ActiveCfg = Release|Any CPU
		{E1234567-1234-1234-1234-123456789ABC}.Release|Any CPU.Build.0 = Release|Any CPU
		{C1234567-1234-1234-1234-123456789ABC}.Debug|Any CPU.ActiveCfg = Debug|Any CPU
		{C1234567-1234-1234-1234-123456789ABC}.Debug|Any CPU.Build.0 = Debug|Any CPU
		{C1234567-1234-1234-1234-123456789ABC}.Release|Any CPU.ActiveCfg = Release|Any CPU
		{C1234567-1234-1234-1234-123456789ABC}.Release|Any CPU.Build.0 = Release|Any CPU
		{53DA90C1-3AB2-423D-93C3-7145443581D0}.Debug|Any CPU.ActiveCfg = Debug|Any CPU
		{53DA90C1-3AB2-423D-93C3-7145443581D0}.Debug|Any CPU.Build.0 = Debug|Any CPU
		{53DA90C1-3AB2-423D-93C3-7145443581D0}.Release|Any CPU.ActiveCfg = Release|Any CPU
		{53DA90C1-3AB2-423D-93C3-7145443581D0}.Release|Any CPU.Build.0 = Release|Any CPU
		{FF2F4CC1-EF11-4C16-A60E-3F33B905FDDB}.Debug|Any CPU.ActiveCfg = Debug|Any CPU
		{FF2F4CC1-EF11-4C16-A60E-3F33B905FDDB}.Debug|Any CPU.Build.0 = Debug|Any CPU
		{FF2F4CC1-EF11-4C16-A60E-3F33B905FDDB}.Release|Any CPU.ActiveCfg = Release|Any CPU
		{FF2F4CC1-EF11-4C16-A60E-3F33B905FDDB}.Release|Any CPU.Build.0 = Release|Any CPU
	EndGlobalSection
	GlobalSection(SolutionProperties) = preSolution
		HideSolutionNode = FALSE
	EndGlobalSection
	GlobalSection(ExtensibilityGlobals) = postSolution
		SolutionGuid = {1AF5BEB1-B1FF-4542-9DB0-A8F73A5D636E}
	EndGlobalSection
EndGlobal
